
Microsoft Visual Studio Solution File, Format Version 12.00
# Visual Studio 14
VisualStudioVersion = 14.0.23107.0
MinimumVisualStudioVersion = 10.0.40219.1
Project("{8BC9CEB8-8B4A-11D0-8D11-00A0C91BC942}") = "RazerChromaSampleApplication", "RazerChromaSampleApplication\RazerChromaSampleApplication.vcxproj", "{42B08F97-E06A-4893-935D-BE2C02378E67}"
EndProject
Project("{8BC9CEB8-8B4A-11D0-8D11-00A0C91BC942}") = "ConsoleApplication1", "ConsoleApplication1\ConsoleApplication1.vcxproj", "{AE0A0395-D8A1-4A7F-B9C6-654D9202BDBF}"
EndProject
Project("{8BC9CEB8-8B4A-11D0-8D11-00A0C91BC942}") = "simpleChroma", "simpleChroma\simpleChroma.vcxproj", "{D9BC223F-365E-4C70-B500-36269DD05ED8}"
EndProject
Global
	GlobalSection(SolutionConfigurationPlatforms) = preSolution
		Debug|Win32 = Debug|Win32
		Debug|x64 = Debug|x64
		Release|Win32 = Release|Win32
		Release|x64 = Release|x64
	EndGlobalSection
	GlobalSection(ProjectConfigurationPlatforms) = postSolution
		{42B08F97-E06A-4893-935D-BE2C02378E67}.Debug|Win32.ActiveCfg = Debug|Win32
		{42B08F97-E06A-4893-935D-BE2C02378E67}.Debug|Win32.Build.0 = Debug|Win32
		{42B08F97-E06A-4893-935D-BE2C02378E67}.Debug|x64.ActiveCfg = Debug|x64
		{42B08F97-E06A-4893-935D-BE2C02378E67}.Debug|x64.Build.0 = Debug|x64
		{42B08F97-E06A-4893-935D-BE2C02378E67}.Release|Win32.ActiveCfg = Release|Win32
		{42B08F97-E06A-4893-935D-BE2C02378E67}.Release|Win32.Build.0 = Release|Win32
		{42B08F97-E06A-4893-935D-BE2C02378E67}.Release|x64.ActiveCfg = Release|x64
		{42B08F97-E06A-4893-935D-BE2C02378E67}.Release|x64.Build.0 = Release|x64
		{AE0A0395-D8A1-4A7F-B9C6-654D9202BDBF}.Debug|Win32.ActiveCfg = Debug|Win32
		{AE0A0395-D8A1-4A7F-B9C6-654D9202BDBF}.Debug|Win32.Build.0 = Debug|Win32
		{AE0A0395-D8A1-4A7F-B9C6-654D9202BDBF}.Debug|x64.ActiveCfg = Debug|x64
		{AE0A0395-D8A1-4A7F-B9C6-654D9202BDBF}.Debug|x64.Build.0 = Debug|x64
		{AE0A0395-D8A1-4A7F-B9C6-654D9202BDBF}.Release|Win32.ActiveCfg = Release|Win32
		{AE0A0395-D8A1-4A7F-B9C6-654D9202BDBF}.Release|Win32.Build.0 = Release|Win32
		{AE0A0395-D8A1-4A7F-B9C6-654D9202BDBF}.Release|x64.ActiveCfg = Release|x64
		{AE0A0395-D8A1-4A7F-B9C6-654D9202BDBF}.Release|x64.Build.0 = Release|x64
		{D9BC223F-365E-4C70-B500-36269DD05ED8}.Debug|Win32.ActiveCfg = Debug|Win32
		{D9BC223F-365E-4C70-B500-36269DD05ED8}.Debug|Win32.Build.0 = Debug|Win32
		{D9BC223F-365E-4C70-B500-36269DD05ED8}.Debug|x64.ActiveCfg = Debug|x64
		{D9BC223F-365E-4C70-B500-36269DD05ED8}.Debug|x64.Build.0 = Debug|x64
		{D9BC223F-365E-4C70-B500-36269DD05ED8}.Release|Win32.ActiveCfg = Release|Win32
		{D9BC223F-365E-4C70-B500-36269DD05ED8}.Release|Win32.Build.0 = Release|Win32
		{D9BC223F-365E-4C70-B500-36269DD05ED8}.Release|x64.ActiveCfg = Release|x64
		{D9BC223F-365E-4C70-B500-36269DD05ED8}.Release|x64.Build.0 = Release|x64
	EndGlobalSection
	GlobalSection(SolutionProperties) = preSolution
		HideSolutionNode = FALSE
	EndGlobalSection
EndGlobal
